{
    "_readme": [
        "This file locks the dependencies of your project to a known state",
        "Read more about it at https://getcomposer.org/doc/01-basic-usage.md#installing-dependencies",
        "This file is @generated automatically"
    ],
    "content-hash": "54cb0e99416b4a04ff312c254d1c0610",
    "packages": [
        {
            "name": "aristath/kirki",
            "version": "v3.0.35.3",
            "source": {
                "type": "git",
                "url": "https://github.com/aristath/kirki.git",
                "reference": "d1b56d190e9ecaedda9c69abfea2a82baf47f15b"
            },
            "dist": {
                "type": "zip",
                "url": "https://api.github.com/repos/aristath/kirki/zipball/d1b56d190e9ecaedda9c69abfea2a82baf47f15b",
                "reference": "d1b56d190e9ecaedda9c69abfea2a82baf47f15b",
                "shasum": ""
            },
            "require": {
                "php": ">=5.2"
            },
            "require-dev": {
                "codacy/coverage": "dev-master",
                "composer/installers": "*",
                "dealerdirect/phpcodesniffer-composer-installer": "*",
                "php-coveralls/php-coveralls": "^2.0",
                "phpcompatibility/phpcompatibility-wp": "*",
                "phpunit/phpunit": "*",
                "wp-coding-standards/wpcs": "*"
            },
            "type": "library",
            "autoload": {
                "files": [
                    "kirki.php"
                ]
            },
            "notification-url": "https://packagist.org/downloads/",
            "license": [
                "MIT"
            ],
            "authors": [
                {
                    "name": "aristath",
                    "email": "aristath@gmail.com",
                    "homepage": "https://aristath.github.io",
                    "role": "Developer"
                },
                {
                    "name": "fovoc",
                    "email": "kalliris.d@gmail.com",
                    "homepage": "https://github.com/fovoc",
                    "role": "Developer"
                }
            ],
            "description": "Extending the WordPress customizer",
            "homepage": "https://aristath.github.io/kirki",
            "keywords": [
                "customizer",
                "wordpress"
            ],
            "time": "2018-12-26T17:29:12+00:00"
        },
        {
            "name": "yahnis-elsts/plugin-update-checker",
            "version": "v4.4",
            "source": {
                "type": "git",
                "url": "https://github.com/YahnisElsts/plugin-update-checker.git",
                "reference": "da4286343601e1f5c01836e1d51e1c57cedb0f6d"
            },
            "dist": {
                "type": "zip",
                "url": "https://api.github.com/repos/YahnisElsts/plugin-update-checker/zipball/da4286343601e1f5c01836e1d51e1c57cedb0f6d",
                "reference": "da4286343601e1f5c01836e1d51e1c57cedb0f6d",
                "shasum": ""
            },
            "require": {
                "php": ">=5.2.0"
            },
            "type": "library",
            "autoload": {
                "files": [
                    "plugin-update-checker.php"
                ]
            },
            "notification-url": "https://packagist.org/downloads/",
            "license": [
                "MIT"
            ],
            "authors": [
                {
                    "name": "Yahnis Elsts",
                    "email": "whiteshadow@w-shadow.com",
                    "homepage": "http://w-shadow.com/",
                    "role": "Developer"
                }
            ],
            "description": "A custom update checker for WordPress plugins and themes. Useful if you can't host your plugin in the official WP repository but still want it to support automatic updates.",
            "homepage": "https://github.com/YahnisElsts/plugin-update-checker/",
            "keywords": [
                "automatic updates",
                "plugin updates",
                "theme updates",
                "wordpress"
            ],
            "time": "2017-12-22T10:39:11+00:00"
        }
    ],
    "packages-dev": [],
    "aliases": [],
    "minimum-stability": "stable",
    "stability-flags": [],
    "prefer-stable": false,
    "prefer-lowest": false,
    "platform": [],
    "platform-dev": []
}
